
Microsoft Visual Studio Solution File, Format Version 12.00
# Visual Studio Version 17
VisualStudioVersion = 17.7.34003.232
MinimumVisualStudioVersion = 10.0.40219.1
Project("{FAE04EC0-301F-11D3-BF4B-00C04F79EFBC}") = "3Dtests", "3Dtests\3Dtests.csproj", "{DF820445-8F66-4BEF-A431-22999B7F04F8}"
EndProject
Global
	GlobalSection(SolutionConfigurationPlatforms) = preSolution
		Debug|Any CPU = Debug|Any CPU
		Release|Any CPU = Release|Any CPU
	EndGlobalSection
	GlobalSection(ProjectConfigurationPlatforms) = postSolution
		{DF820445-8F66-4BEF-A431-22999B7F04F8}.Debug|Any CPU.ActiveCfg = Debug|Any CPU
		{DF820445-8F66-4BEF-A431-22999B7F04F8}.Debug|Any CPU.Build.0 = Debug|Any CPU
		{DF820445-8F66-4BEF-A431-22999B7F04F8}.Release|Any CPU.ActiveCfg = Release|Any CPU
		{DF820445-8F66-4BEF-A431-22999B7F04F8}.Release|Any CPU.Build.0 = Release|Any CPU
	EndGlobalSection
	GlobalSection(SolutionProperties) = preSolution
		HideSolutionNode = FALSE
	EndGlobalSection
	GlobalSection(ExtensibilityGlobals) = postSolution
		SolutionGuid = {6AC2E354-5AB4-4908-BD15-97B22157430A}
	EndGlobalSection
EndGlobal
